lockfile_version: '1'
generated_at: '2026-06-12T02:56:30.108485+00:00'
apm_version: 0.14.0
dependencies:
- repo_url: anthropics/skills
  host: github.com
  resolved_commit: 57546260929473d4e0d1c1bb75297be2fdfa1949
  virtual_path: skills/frontend-design
  is_virtual: true
  package_type: claude_skill
  deployed_files:
  - .agents/skills/frontend-design
  - .claude/skills/frontend-design
  content_hash: sha256:4eabc66183767153e404b39d1b839b1c37f2d82d86f0a0d7e880a579d8d62336
- repo_url: asonas/skills
  host: github.com
  resolved_commit: 7582a849f3d210d6e9301cd6d763b7878a1f0bf9
  virtual_path: commit
  is_virtual: true
  package_type: claude_skill
  deployed_files:
  - .agents/skills/commit
  - .claude/skills/commit
  content_hash: sha256:568fe39c14878477b41d2336baf32dac00f2c6b158125c67bdddb257fd097b2c
- repo_url: asonas/skills
  host: github.com
  resolved_commit: 7582a849f3d210d6e9301cd6d763b7878a1f0bf9
  virtual_path: cross-review
  is_virtual: true
  package_type: claude_skill
  content_hash: sha256:fee361aeaeea5ab4559694d9709a6ed6cb7d5ae79befd92236bb90485113540c
- repo_url: asonas/skills
  host: github.com
  resolved_commit: 7582a849f3d210d6e9301cd6d763b7878a1f0bf9
  virtual_path: entire
  is_virtual: true
  package_type: claude_skill
  deployed_files:
  - .agents/skills/entire
  - .claude/skills/entire
  content_hash: sha256:9dc6d2586b21315eadaf0dab6542be0f8750ec2db221259730fe59ae7bfb4a4c
- repo_url: asonas/skills
  host: github.com
  resolved_commit: 7582a849f3d210d6e9301cd6d763b7878a1f0bf9
  virtual_path: git-worktree-workflow
  is_virtual: true
  package_type: claude_skill
  deployed_files:
  - .agents/skills/git-worktree-workflow
  - .claude/skills/git-worktree-workflow
  content_hash: sha256:1212a0d5df163ced64ee8f2ad7e122ec93cd825e37ac1a4595e861856454bc54
- repo_url: asonas/skills
  host: github.com
  resolved_commit: 7582a849f3d210d6e9301cd6d763b7878a1f0bf9
  virtual_path: legacy-code-improvement
  is_virtual: true
  package_type: claude_skill
  deployed_files:
  - .agents/skills/legacy-code-improvement
  - .claude/skills/legacy-code-improvement
  content_hash: sha256:07ddc17724958fae7769cf9e2853fb17ae0c027994a0e81c22b4faae3445fb03
- repo_url: asonas/skills
  host: github.com
  resolved_commit: 7582a849f3d210d6e9301cd6d763b7878a1f0bf9
  virtual_path: pr-review
  is_virtual: true
  package_type: claude_skill
  deployed_files:
  - .agents/skills/pr-review
  - .claude/skills/pr-review
  content_hash: sha256:78eff7e0284174cc7252dcc050ae704c552783174dadd2756984db7e0073d0f1
- repo_url: asonas/skills
  host: github.com
  resolved_commit: 7582a849f3d210d6e9301cd6d763b7878a1f0bf9
  virtual_path: usb-debug
  is_virtual: true
  package_type: claude_skill
  deployed_files:
  - .agents/skills/usb-debug
  - .claude/skills/usb-debug
  content_hash: sha256:d2b6ac452347a731738d25204f797e21dfef105825002d8e8d91b354d08ad601
- repo_url: kepano/obsidian-skills
  host: github.com
  resolved_commit: a1dc48e68138490d522c04cbf5822214c6eb1202
  package_type: marketplace_plugin
  deployed_files:
  - .agents/skills/defuddle
  - .agents/skills/json-canvas
  - .agents/skills/obsidian-bases
  - .agents/skills/obsidian-cli
  - .agents/skills/obsidian-markdown
  - .claude/skills/defuddle
  - .claude/skills/json-canvas
  - .claude/skills/obsidian-bases
  - .claude/skills/obsidian-cli
  - .claude/skills/obsidian-markdown
  content_hash: sha256:0a1407dab0df665164eea626a4a64c01772a2519f49ee20d4c2580cc7cadc3d8
- repo_url: obra/superpowers
  host: github.com
  resolved_commit: 6fd4507659784c351abbd2bc264c7162cfd386dc
  package_type: marketplace_plugin
  deployed_files:
  - .agents/skills/brainstorming
  - .agents/skills/dispatching-parallel-agents
  - .agents/skills/executing-plans
  - .agents/skills/finishing-a-development-branch
  - .agents/skills/receiving-code-review
  - .agents/skills/requesting-code-review
  - .agents/skills/subagent-driven-development
  - .agents/skills/systematic-debugging
  - .agents/skills/test-driven-development
  - .agents/skills/using-git-worktrees
  - .agents/skills/using-superpowers
  - .agents/skills/verification-before-completion
  - .agents/skills/writing-plans
  - .agents/skills/writing-skills
  - .claude/hooks/superpowers/hooks/run-hook.cmd
  - .claude/hooks/superpowers/hooks/run-hook.cmd
  - .claude/skills/brainstorming
  - .claude/skills/dispatching-parallel-agents
  - .claude/skills/executing-plans
  - .claude/skills/finishing-a-development-branch
  - .claude/skills/receiving-code-review
  - .claude/skills/requesting-code-review
  - .claude/skills/subagent-driven-development
  - .claude/skills/systematic-debugging
  - .claude/skills/test-driven-development
  - .claude/skills/using-git-worktrees
  - .claude/skills/using-superpowers
  - .claude/skills/verification-before-completion
  - .claude/skills/writing-plans
  - .claude/skills/writing-skills
  - .cursor/hooks/superpowers/hooks/run-hook.cmd
  - .cursor/hooks/superpowers/hooks/run-hook.cmd
  deployed_file_hashes:
    .claude/hooks/superpowers/hooks/run-hook.cmd: sha256:d3d9c6199678dab2858e60509dde5e7414f13c2a2b5e48a38b1d368b6e1d6abb
    .cursor/hooks/superpowers/hooks/run-hook.cmd: sha256:d3d9c6199678dab2858e60509dde5e7414f13c2a2b5e48a38b1d368b6e1d6abb
  content_hash: sha256:8b91ca49cbf065ffb70c91fc5b4f9a437fc56ab022203e6a617e89f9ca2730c4
- repo_url: sorah/config
  host: github.com
  resolved_commit: 2941fc695262e4f9a5da262a8e87bc5d2553aae1
  virtual_path: claude/marketplace/plugins/sorah-guides
  is_virtual: true
  package_type: marketplace_plugin
  deployed_files:
  - .agents/skills/coding
  - .agents/skills/commit-style
  - .agents/skills/japanese-text
  - .agents/skills/rails
  - .agents/skills/ruby
  - .agents/skills/rust
  - .agents/skills/security
  - .agents/skills/terraform
  - .agents/skills/typescript
  - .claude/agents/security-reviewer.md
  - .claude/commands/commit.md
  - .claude/commands/perform-security-review.md
  - .claude/commands/pull-request.md
  - .claude/skills/coding
  - .claude/skills/commit-style
  - .claude/skills/japanese-text
  - .claude/skills/rails
  - .claude/skills/ruby
  - .claude/skills/rust
  - .claude/skills/security
  - .claude/skills/terraform
  - .claude/skills/typescript
  - .cursor/agents/security-reviewer.md
  - .cursor/commands/commit.md
  - .cursor/commands/perform-security-review.md
  - .cursor/commands/pull-request.md
  deployed_file_hashes:
    .claude/agents/security-reviewer.md: sha256:988f570fab14bc91284d52bceb2781fed9f95d2eeb0a9f4f280d6f7eb4be687a
    .claude/commands/commit.md: sha256:c273b93e5c66d9b88fabaaca2eecdd7560043f6fff998c5979139ed6a95b8168
    .claude/commands/perform-security-review.md: sha256:1b2bf504b5a86a94274dcf34c835f60a0d589436de5278cea33af0a92cac5cf9
    .claude/commands/pull-request.md: sha256:0ebd283efbce186e8b370df3a22f73677e4c386abe3b5c993b0017370bc6bc99
    .cursor/agents/security-reviewer.md: sha256:988f570fab14bc91284d52bceb2781fed9f95d2eeb0a9f4f280d6f7eb4be687a
    .cursor/commands/commit.md: sha256:c273b93e5c66d9b88fabaaca2eecdd7560043f6fff998c5979139ed6a95b8168
    .cursor/commands/perform-security-review.md: sha256:1b2bf504b5a86a94274dcf34c835f60a0d589436de5278cea33af0a92cac5cf9
    .cursor/commands/pull-request.md: sha256:0ebd283efbce186e8b370df3a22f73677e4c386abe3b5c993b0017370bc6bc99
  content_hash: sha256:cb3c54dea86c80a00f3f4647718af562d75593ae24f723709cae615055360ea6
- repo_url: sorah/config
  host: github.com
  resolved_commit: 2941fc695262e4f9a5da262a8e87bc5d2553aae1
  virtual_path: claude/marketplace/plugins/sorah-spec
  is_virtual: true
  package_type: marketplace_plugin
  deployed_files:
  - .agents/skills/rails
  - .agents/skills/ruby
  - .agents/skills/spec-conventions
  - .claude/commands/implement.md
  - .claude/commands/review.md
  - .claude/commands/validate.md
  - .claude/skills/rails
  - .claude/skills/ruby
  - .claude/skills/spec-conventions
  - .cursor/commands/implement.md
  - .cursor/commands/review.md
  - .cursor/commands/validate.md
  deployed_file_hashes:
    .claude/commands/implement.md: sha256:4c9c1cd90ccc878500222bea7167dadb303bd89a96c0a3ad6abcb3206f9471aa
    .claude/commands/review.md: sha256:d730ef250988082fbea3001f176e849666586135b626d40e598a05aecc5ca999
    .claude/commands/validate.md: sha256:6cb5d533d94bd6f7303431a66fc6231694cf719b5b683753fcdfda3c3c688a93
    .cursor/commands/implement.md: sha256:4c9c1cd90ccc878500222bea7167dadb303bd89a96c0a3ad6abcb3206f9471aa
    .cursor/commands/review.md: sha256:d730ef250988082fbea3001f176e849666586135b626d40e598a05aecc5ca999
    .cursor/commands/validate.md: sha256:6cb5d533d94bd6f7303431a66fc6231694cf719b5b683753fcdfda3c3c688a93
  content_hash: sha256:1b99b33451d6612c094fe5142412d1b4cbcae2003ff171e09578c968c163753f
- repo_url: st0012/cctop
  host: github.com
  resolved_commit: 1dfb2d5395db8c3aa7e6e7ab9f164bc42b8ca45f
  package_type: marketplace_plugin
  content_hash: sha256:88d5e6a24db986e28856df6c307180ce96be8c6252eae9bcd2c429867f24544e
