lockfile_version: '1'
generated_at: '2026-07-03T06:58:31.732302+00:00'
apm_version: 0.23.1
dependencies:
- repo_url: anthropics/skills
  name: skills
  host: github.com
  resolved_commit: 9d2f1ae187231d8199c64b5b762e1bdf2244733d
  version: unknown
  virtual_path: skills/frontend-design
  is_virtual: true
  package_type: claude_skill
  deployed_files:
  - .agents/skills/frontend-design
  - .agents/skills/frontend-design/LICENSE.txt
  - .agents/skills/frontend-design/SKILL.md
  - .claude/skills/frontend-design
  - .claude/skills/frontend-design/LICENSE.txt
  - .claude/skills/frontend-design/SKILL.md
  deployed_file_hashes:
    .agents/skills/frontend-design/LICENSE.txt: sha256:0d542e0c8804e39aa7f37eb00da5a762149dc682d7829451287e11b938e94594
    .agents/skills/frontend-design/SKILL.md: sha256:1608ea77fbb6fc30d13a97d12cfa8ebf31358d40f0dd97beed24829d6b3f45dd
    .claude/skills/frontend-design/LICENSE.txt: sha256:0d542e0c8804e39aa7f37eb00da5a762149dc682d7829451287e11b938e94594
    .claude/skills/frontend-design/SKILL.md: sha256:1608ea77fbb6fc30d13a97d12cfa8ebf31358d40f0dd97beed24829d6b3f45dd
  content_hash: sha256:4eabc66183767153e404b39d1b839b1c37f2d82d86f0a0d7e880a579d8d62336
- repo_url: asonas/skills
  name: skills
  host: github.com
  resolved_commit: 5ab8b2b5128a3e18234bd3d54c2f622fef6f82ce
  version: unknown
  virtual_path: commit
  is_virtual: true
  package_type: claude_skill
  deployed_files:
  - .agents/skills/commit
  - .agents/skills/commit/SKILL.md
  - .claude/skills/commit
  - .claude/skills/commit/SKILL.md
  deployed_file_hashes:
    .agents/skills/commit/SKILL.md: sha256:d168b911a9574d194e680e536f44fbb9d932c5871c558ede9fa0f003444a83fe
    .claude/skills/commit/SKILL.md: sha256:d168b911a9574d194e680e536f44fbb9d932c5871c558ede9fa0f003444a83fe
  content_hash: sha256:568fe39c14878477b41d2336baf32dac00f2c6b158125c67bdddb257fd097b2c
- repo_url: asonas/skills
  name: skills
  host: github.com
  resolved_commit: 5ab8b2b5128a3e18234bd3d54c2f622fef6f82ce
  version: unknown
  virtual_path: entire
  is_virtual: true
  package_type: claude_skill
  deployed_files:
  - .agents/skills/entire
  - .agents/skills/entire/SKILL.md
  - .claude/skills/entire
  - .claude/skills/entire/SKILL.md
  deployed_file_hashes:
    .agents/skills/entire/SKILL.md: sha256:fe4513b8488aea4804d0bb6e524c0254be167d9562781075cb53985fd7dc317b
    .claude/skills/entire/SKILL.md: sha256:fe4513b8488aea4804d0bb6e524c0254be167d9562781075cb53985fd7dc317b
  content_hash: sha256:9dc6d2586b21315eadaf0dab6542be0f8750ec2db221259730fe59ae7bfb4a4c
- repo_url: asonas/skills
  name: skills
  host: github.com
  resolved_commit: 5ab8b2b5128a3e18234bd3d54c2f622fef6f82ce
  version: unknown
  virtual_path: git-worktree-workflow
  is_virtual: true
  package_type: claude_skill
  deployed_files:
  - .agents/skills/git-worktree-workflow
  - .agents/skills/git-worktree-workflow/SKILL.md
  - .claude/skills/git-worktree-workflow
  - .claude/skills/git-worktree-workflow/SKILL.md
  deployed_file_hashes:
    .agents/skills/git-worktree-workflow/SKILL.md: sha256:8516e4ca372db9157117659909da84a5ef4fc3b0b5d81b6ba2255d6472238544
    .claude/skills/git-worktree-workflow/SKILL.md: sha256:8516e4ca372db9157117659909da84a5ef4fc3b0b5d81b6ba2255d6472238544
  content_hash: sha256:1212a0d5df163ced64ee8f2ad7e122ec93cd825e37ac1a4595e861856454bc54
- repo_url: asonas/skills
  name: skills
  host: github.com
  resolved_commit: e2b03168b3324c551c1d29e5b56b145562ba67ec
  version: unknown
  virtual_path: herdr
  is_virtual: true
  package_type: claude_skill
  deployed_files:
  - .agents/skills/herdr
  - .agents/skills/herdr/SKILL.md
  - .claude/skills/herdr
  - .claude/skills/herdr/SKILL.md
  deployed_file_hashes:
    .agents/skills/herdr/SKILL.md: sha256:75826452ca09623a7309c0a0d9bd6b29b24c55cf100632fc83bd69a685241f17
    .claude/skills/herdr/SKILL.md: sha256:75826452ca09623a7309c0a0d9bd6b29b24c55cf100632fc83bd69a685241f17
  content_hash: sha256:69d3762de6941e5632e7cbcaeea3584b47ce906a9275afb333d5405ff5480b80
- repo_url: asonas/skills
  name: skills
  host: github.com
  resolved_commit: 5ab8b2b5128a3e18234bd3d54c2f622fef6f82ce
  version: unknown
  virtual_path: japanese-tech-writing
  is_virtual: true
  package_type: claude_skill
  deployed_files:
  - .agents/skills/japanese-tech-writing
  - .agents/skills/japanese-tech-writing/SKILL.md
  - .claude/skills/japanese-tech-writing
  - .claude/skills/japanese-tech-writing/SKILL.md
  deployed_file_hashes:
    .agents/skills/japanese-tech-writing/SKILL.md: sha256:624b0726d3b94a2336977215488ee35d0140d543550213efa0ae5226f0e23fdb
    .claude/skills/japanese-tech-writing/SKILL.md: sha256:624b0726d3b94a2336977215488ee35d0140d543550213efa0ae5226f0e23fdb
  content_hash: sha256:07d7ccf65443e4e7eaa8bccf4dc9cdcedd0a997bdeb6914f0c3e7ed2ffbdcc43
- repo_url: asonas/skills
  name: skills
  host: github.com
  resolved_commit: 5ab8b2b5128a3e18234bd3d54c2f622fef6f82ce
  version: unknown
  virtual_path: legacy-code-improvement
  is_virtual: true
  package_type: claude_skill
  deployed_files:
  - .agents/skills/legacy-code-improvement
  - .agents/skills/legacy-code-improvement/SKILL.md
  - .claude/skills/legacy-code-improvement
  - .claude/skills/legacy-code-improvement/SKILL.md
  deployed_file_hashes:
    .agents/skills/legacy-code-improvement/SKILL.md: sha256:cceed7a39835ff00f60530287ddc8e98131ddd7fa5e8f5b971b635a17b02d78a
    .claude/skills/legacy-code-improvement/SKILL.md: sha256:cceed7a39835ff00f60530287ddc8e98131ddd7fa5e8f5b971b635a17b02d78a
  content_hash: sha256:07ddc17724958fae7769cf9e2853fb17ae0c027994a0e81c22b4faae3445fb03
- repo_url: asonas/skills
  name: skills
  host: github.com
  resolved_commit: 5ab8b2b5128a3e18234bd3d54c2f622fef6f82ce
  version: unknown
  virtual_path: pr-review
  is_virtual: true
  package_type: claude_skill
  deployed_files:
  - .agents/skills/pr-review
  - .agents/skills/pr-review/SKILL.md
  - .claude/skills/pr-review
  - .claude/skills/pr-review/SKILL.md
  deployed_file_hashes:
    .agents/skills/pr-review/SKILL.md: sha256:b404e107ca2f9423ae2ffc1f28b04a1cbc3e62b3bd12c41a4878c4d4ade86d5e
    .claude/skills/pr-review/SKILL.md: sha256:b404e107ca2f9423ae2ffc1f28b04a1cbc3e62b3bd12c41a4878c4d4ade86d5e
  content_hash: sha256:78eff7e0284174cc7252dcc050ae704c552783174dadd2756984db7e0073d0f1
- repo_url: asonas/skills
  name: skills
  host: github.com
  resolved_commit: 5ab8b2b5128a3e18234bd3d54c2f622fef6f82ce
  version: unknown
  virtual_path: usb-debug
  is_virtual: true
  package_type: claude_skill
  deployed_files:
  - .agents/skills/usb-debug
  - .agents/skills/usb-debug/SKILL.md
  - .claude/skills/usb-debug
  - .claude/skills/usb-debug/SKILL.md
  deployed_file_hashes:
    .agents/skills/usb-debug/SKILL.md: sha256:3ef918cc60319473a932b06b5a8bbda931226ca64d2098d28d083b342227d77b
    .claude/skills/usb-debug/SKILL.md: sha256:3ef918cc60319473a932b06b5a8bbda931226ca64d2098d28d083b342227d77b
  content_hash: sha256:d2b6ac452347a731738d25204f797e21dfef105825002d8e8d91b354d08ad601
- repo_url: kepano/obsidian-skills
  name: obsidian
  host: github.com
  resolved_commit: a1dc48e68138490d522c04cbf5822214c6eb1202
  version: 1.0.1
  package_type: marketplace_plugin
  deployed_files:
  - .agents/skills/defuddle
  - .agents/skills/defuddle/SKILL.md
  - .agents/skills/json-canvas
  - .agents/skills/json-canvas/SKILL.md
  - .agents/skills/json-canvas/references/EXAMPLES.md
  - .agents/skills/obsidian-bases
  - .agents/skills/obsidian-bases/SKILL.md
  - .agents/skills/obsidian-bases/references/FUNCTIONS_REFERENCE.md
  - .agents/skills/obsidian-cli
  - .agents/skills/obsidian-cli/SKILL.md
  - .agents/skills/obsidian-markdown
  - .agents/skills/obsidian-markdown/SKILL.md
  - .agents/skills/obsidian-markdown/references/CALLOUTS.md
  - .agents/skills/obsidian-markdown/references/EMBEDS.md
  - .agents/skills/obsidian-markdown/references/PROPERTIES.md
  - .claude/skills/defuddle
  - .claude/skills/defuddle/SKILL.md
  - .claude/skills/json-canvas
  - .claude/skills/json-canvas/SKILL.md
  - .claude/skills/json-canvas/references/EXAMPLES.md
  - .claude/skills/obsidian-bases
  - .claude/skills/obsidian-bases/SKILL.md
  - .claude/skills/obsidian-bases/references/FUNCTIONS_REFERENCE.md
  - .claude/skills/obsidian-cli
  - .claude/skills/obsidian-cli/SKILL.md
  - .claude/skills/obsidian-markdown
  - .claude/skills/obsidian-markdown/SKILL.md
  - .claude/skills/obsidian-markdown/references/CALLOUTS.md
  - .claude/skills/obsidian-markdown/references/EMBEDS.md
  - .claude/skills/obsidian-markdown/references/PROPERTIES.md
  deployed_file_hashes:
    .agents/skills/defuddle/SKILL.md: sha256:10673a4dc70a0a057612d443243ab7a5aa4abdd4a0fadc3f6eec5fd71ad5a971
    .agents/skills/json-canvas/SKILL.md: sha256:97d1ae0728955c4203922753d5656890e5e4dd371b8306ea11884f9b510f1b85
    .agents/skills/json-canvas/references/EXAMPLES.md: sha256:f5ce15a4b74643122396265e8c37c828874a4005794de2aee7030662968768eb
    .agents/skills/obsidian-bases/SKILL.md: sha256:c0037f20926c7d8591cdd040365e4c0e4c0c4146386a506f28f241faee9a27d9
    .agents/skills/obsidian-bases/references/FUNCTIONS_REFERENCE.md: sha256:208fd63aead9bca1975626fea52605e6ab9434dc0529d923feb36b18b8877d3b
    .agents/skills/obsidian-cli/SKILL.md: sha256:b54257cdc0e5d04488b35b0c797bfe427b24359f0848d3c73924dcacf8da6358
    .agents/skills/obsidian-markdown/SKILL.md: sha256:7ad72e1f0a9081ed325e76b6402ad5de50a00e63e2341fd403a92f147234a007
    .agents/skills/obsidian-markdown/references/CALLOUTS.md: sha256:9912ec2e3f8711f65b8ceb82cc19cbffc5e6f8ccf2ab627e18926c522c383d8b
    .agents/skills/obsidian-markdown/references/EMBEDS.md: sha256:63b6205507e28fb58cf200bc348a2b139e50ae739743e2e6316732148973cb7a
    .agents/skills/obsidian-markdown/references/PROPERTIES.md: sha256:392953b5838c3ab3df135b5a914f100ae7b95e4501b6a2e5c8dc63da3ac7558b
    .claude/skills/defuddle/SKILL.md: sha256:10673a4dc70a0a057612d443243ab7a5aa4abdd4a0fadc3f6eec5fd71ad5a971
    .claude/skills/json-canvas/SKILL.md: sha256:97d1ae0728955c4203922753d5656890e5e4dd371b8306ea11884f9b510f1b85
    .claude/skills/json-canvas/references/EXAMPLES.md: sha256:f5ce15a4b74643122396265e8c37c828874a4005794de2aee7030662968768eb
    .claude/skills/obsidian-bases/SKILL.md: sha256:c0037f20926c7d8591cdd040365e4c0e4c0c4146386a506f28f241faee9a27d9
    .claude/skills/obsidian-bases/references/FUNCTIONS_REFERENCE.md: sha256:208fd63aead9bca1975626fea52605e6ab9434dc0529d923feb36b18b8877d3b
    .claude/skills/obsidian-cli/SKILL.md: sha256:b54257cdc0e5d04488b35b0c797bfe427b24359f0848d3c73924dcacf8da6358
    .claude/skills/obsidian-markdown/SKILL.md: sha256:7ad72e1f0a9081ed325e76b6402ad5de50a00e63e2341fd403a92f147234a007
    .claude/skills/obsidian-markdown/references/CALLOUTS.md: sha256:9912ec2e3f8711f65b8ceb82cc19cbffc5e6f8ccf2ab627e18926c522c383d8b
    .claude/skills/obsidian-markdown/references/EMBEDS.md: sha256:63b6205507e28fb58cf200bc348a2b139e50ae739743e2e6316732148973cb7a
    .claude/skills/obsidian-markdown/references/PROPERTIES.md: sha256:392953b5838c3ab3df135b5a914f100ae7b95e4501b6a2e5c8dc63da3ac7558b
  content_hash: sha256:0a1407dab0df665164eea626a4a64c01772a2519f49ee20d4c2580cc7cadc3d8
  declared_license: MIT
- repo_url: obra/superpowers
  name: superpowers
  host: github.com
  resolved_commit: d884ae04edebef577e82ff7c4e143debd0bbec99
  version: 6.1.1
  package_type: marketplace_plugin
  deployed_files:
  - .agents/skills/brainstorming
  - .agents/skills/brainstorming/SKILL.md
  - .agents/skills/brainstorming/scripts/frame-template.html
  - .agents/skills/brainstorming/scripts/helper.js
  - .agents/skills/brainstorming/scripts/server.cjs
  - .agents/skills/brainstorming/scripts/start-server.sh
  - .agents/skills/brainstorming/scripts/stop-server.sh
  - .agents/skills/brainstorming/spec-document-reviewer-prompt.md
  - .agents/skills/brainstorming/visual-companion.md
  - .agents/skills/dispatching-parallel-agents
  - .agents/skills/dispatching-parallel-agents/SKILL.md
  - .agents/skills/executing-plans
  - .agents/skills/executing-plans/SKILL.md
  - .agents/skills/finishing-a-development-branch
  - .agents/skills/finishing-a-development-branch/SKILL.md
  - .agents/skills/receiving-code-review
  - .agents/skills/receiving-code-review/SKILL.md
  - .agents/skills/requesting-code-review
  - .agents/skills/requesting-code-review/SKILL.md
  - .agents/skills/requesting-code-review/code-reviewer.md
  - .agents/skills/subagent-driven-development
  - .agents/skills/subagent-driven-development/SKILL.md
  - .agents/skills/subagent-driven-development/implementer-prompt.md
  - .agents/skills/subagent-driven-development/scripts/review-package
  - .agents/skills/subagent-driven-development/scripts/sdd-workspace
  - .agents/skills/subagent-driven-development/scripts/task-brief
  - .agents/skills/subagent-driven-development/task-reviewer-prompt.md
  - .agents/skills/systematic-debugging
  - .agents/skills/systematic-debugging/CREATION-LOG.md
  - .agents/skills/systematic-debugging/SKILL.md
  - .agents/skills/systematic-debugging/condition-based-waiting-example.ts
  - .agents/skills/systematic-debugging/condition-based-waiting.md
  - .agents/skills/systematic-debugging/defense-in-depth.md
  - .agents/skills/systematic-debugging/find-polluter.sh
  - .agents/skills/systematic-debugging/root-cause-tracing.md
  - .agents/skills/systematic-debugging/test-academic.md
  - .agents/skills/systematic-debugging/test-pressure-1.md
  - .agents/skills/systematic-debugging/test-pressure-2.md
  - .agents/skills/systematic-debugging/test-pressure-3.md
  - .agents/skills/test-driven-development
  - .agents/skills/test-driven-development/SKILL.md
  - .agents/skills/test-driven-development/testing-anti-patterns.md
  - .agents/skills/using-git-worktrees
  - .agents/skills/using-git-worktrees/SKILL.md
  - .agents/skills/using-superpowers
  - .agents/skills/using-superpowers/SKILL.md
  - .agents/skills/using-superpowers/references/antigravity-tools.md
  - .agents/skills/using-superpowers/references/codex-tools.md
  - .agents/skills/using-superpowers/references/pi-tools.md
  - .agents/skills/verification-before-completion
  - .agents/skills/verification-before-completion/SKILL.md
  - .agents/skills/writing-plans
  - .agents/skills/writing-plans/SKILL.md
  - .agents/skills/writing-plans/plan-document-reviewer-prompt.md
  - .agents/skills/writing-skills
  - .agents/skills/writing-skills/SKILL.md
  - .agents/skills/writing-skills/anthropic-best-practices.md
  - .agents/skills/writing-skills/examples/CLAUDE_MD_TESTING.md
  - .agents/skills/writing-skills/graphviz-conventions.dot
  - .agents/skills/writing-skills/persuasion-principles.md
  - .agents/skills/writing-skills/render-graphs.js
  - .agents/skills/writing-skills/testing-skills-with-subagents.md
  - .claude/hooks/superpowers/hooks/run-hook.cmd
  - .claude/skills/brainstorming
  - .claude/skills/brainstorming/SKILL.md
  - .claude/skills/brainstorming/scripts/frame-template.html
  - .claude/skills/brainstorming/scripts/helper.js
  - .claude/skills/brainstorming/scripts/server.cjs
  - .claude/skills/brainstorming/scripts/start-server.sh
  - .claude/skills/brainstorming/scripts/stop-server.sh
  - .claude/skills/brainstorming/spec-document-reviewer-prompt.md
  - .claude/skills/brainstorming/visual-companion.md
  - .claude/skills/dispatching-parallel-agents
  - .claude/skills/dispatching-parallel-agents/SKILL.md
  - .claude/skills/executing-plans
  - .claude/skills/executing-plans/SKILL.md
  - .claude/skills/finishing-a-development-branch
  - .claude/skills/finishing-a-development-branch/SKILL.md
  - .claude/skills/receiving-code-review
  - .claude/skills/receiving-code-review/SKILL.md
  - .claude/skills/requesting-code-review
  - .claude/skills/requesting-code-review/SKILL.md
  - .claude/skills/requesting-code-review/code-reviewer.md
  - .claude/skills/subagent-driven-development
  - .claude/skills/subagent-driven-development/SKILL.md
  - .claude/skills/subagent-driven-development/implementer-prompt.md
  - .claude/skills/subagent-driven-development/scripts/review-package
  - .claude/skills/subagent-driven-development/scripts/sdd-workspace
  - .claude/skills/subagent-driven-development/scripts/task-brief
  - .claude/skills/subagent-driven-development/task-reviewer-prompt.md
  - .claude/skills/systematic-debugging
  - .claude/skills/systematic-debugging/CREATION-LOG.md
  - .claude/skills/systematic-debugging/SKILL.md
  - .claude/skills/systematic-debugging/condition-based-waiting-example.ts
  - .claude/skills/systematic-debugging/condition-based-waiting.md
  - .claude/skills/systematic-debugging/defense-in-depth.md
  - .claude/skills/systematic-debugging/find-polluter.sh
  - .claude/skills/systematic-debugging/root-cause-tracing.md
  - .claude/skills/systematic-debugging/test-academic.md
  - .claude/skills/systematic-debugging/test-pressure-1.md
  - .claude/skills/systematic-debugging/test-pressure-2.md
  - .claude/skills/systematic-debugging/test-pressure-3.md
  - .claude/skills/test-driven-development
  - .claude/skills/test-driven-development/SKILL.md
  - .claude/skills/test-driven-development/testing-anti-patterns.md
  - .claude/skills/using-git-worktrees
  - .claude/skills/using-git-worktrees/SKILL.md
  - .claude/skills/using-superpowers
  - .claude/skills/using-superpowers/SKILL.md
  - .claude/skills/using-superpowers/references/antigravity-tools.md
  - .claude/skills/using-superpowers/references/codex-tools.md
  - .claude/skills/using-superpowers/references/pi-tools.md
  - .claude/skills/verification-before-completion
  - .claude/skills/verification-before-completion/SKILL.md
  - .claude/skills/writing-plans
  - .claude/skills/writing-plans/SKILL.md
  - .claude/skills/writing-plans/plan-document-reviewer-prompt.md
  - .claude/skills/writing-skills
  - .claude/skills/writing-skills/SKILL.md
  - .claude/skills/writing-skills/anthropic-best-practices.md
  - .claude/skills/writing-skills/examples/CLAUDE_MD_TESTING.md
  - .claude/skills/writing-skills/graphviz-conventions.dot
  - .claude/skills/writing-skills/persuasion-principles.md
  - .claude/skills/writing-skills/render-graphs.js
  - .claude/skills/writing-skills/testing-skills-with-subagents.md
  - .cursor/hooks/superpowers/hooks/run-hook.cmd
  deployed_file_hashes:
    .agents/skills/brainstorming/SKILL.md: sha256:e14914605f640e0841758e45d0ab2a53243b59b921f929e47921c99668f2e61d
    .agents/skills/brainstorming/scripts/frame-template.html: sha256:6a8a4e58bd6a44b904e2e3c57de774481d909204597e1498de53f1b2fecc4c4e
    .agents/skills/brainstorming/scripts/helper.js: sha256:43c6d69954a46ec34a2a262bcc62a9a7e83e839c739f199cb72646d397c686e3
    .agents/skills/brainstorming/scripts/server.cjs: sha256:2d2961ea8d11f56c5f4c3a1a68d22709efa5d7601a2246d8c880774e7e9e8412
    .agents/skills/brainstorming/scripts/start-server.sh: sha256:a4e5ae84275bcaacd2f84345afeabe59cf7b00ba080e123da7cc1fb226f12847
    .agents/skills/brainstorming/scripts/stop-server.sh: sha256:0b5ccbbd57f62d3ed88993f7940b5ee0e5c0fc9b21c550c623da4f6292e47daf
    .agents/skills/brainstorming/spec-document-reviewer-prompt.md: sha256:95a0a195de9d984be2fffa95bab16fc8c563bc296a9cfc5e9c29cb3ece0d7457
    .agents/skills/brainstorming/visual-companion.md: sha256:3321a044c777d03d7177df41c77bb83155ff2a6d0c16b8a3d752426d29f14ea8
    .agents/skills/dispatching-parallel-agents/SKILL.md: sha256:f0df13f584049059cc5619f90061405b89dcc6e28ab3f2a8517d27d99c7a46a6
    .agents/skills/executing-plans/SKILL.md: sha256:bbd8d28bb655a52817cc129ce49f9e46fa7c6303f72ed5de95bfe914ef8e0ce8
    .agents/skills/finishing-a-development-branch/SKILL.md: sha256:e6d4a812de900d33c6eacfb40747f99427f25c304a7b7099120f9373b115a47f
    .agents/skills/receiving-code-review/SKILL.md: sha256:647036bbdab7bf2317e14e079595e984c9030f64295e2b4c0fb57dbeb48f25dd
    .agents/skills/requesting-code-review/SKILL.md: sha256:1017ccdd5bc61fab67c654cf118cbdb520464b313073a0a6b9a6b9aa647a3ad6
    .agents/skills/requesting-code-review/code-reviewer.md: sha256:b2f2ec7596925fe52dac158fdfbca19b3a7d779d619c481e6706a6c0001662d3
    .agents/skills/subagent-driven-development/SKILL.md: sha256:5e9e846ae67d153ddf7c5f4fd5102af78454c8f3cdaa0720331cec063fc8861a
    .agents/skills/subagent-driven-development/implementer-prompt.md: sha256:49018b28dc11bc9f3d13a28959bb10ae1a96eabc5d8f19f4079d901f9ff2bf64
    .agents/skills/subagent-driven-development/scripts/review-package: sha256:0c0629f6e2c46fc8bf68dcfb8a247ab24eb548b7004fe494035e6fcba9b5cdfb
    .agents/skills/subagent-driven-development/scripts/sdd-workspace: sha256:9430befaff459ed862415b700c1a9efe45fd34838a684802a1d8320de0c3a007
    .agents/skills/subagent-driven-development/scripts/task-brief: sha256:5380283f00bffa99ab82ae78482b7d248abe10655129c72ca7050bdc0b6a85e1
    .agents/skills/subagent-driven-development/task-reviewer-prompt.md: sha256:2eb9d54373420de25bc0bd00635d3a3123a6c0eb30c881168e6f3348e2387331
    .agents/skills/systematic-debugging/CREATION-LOG.md: sha256:c24733a5b1821bd6bed1fc950261f0b9f4e90097e0bbb96459d8179713730789
    .agents/skills/systematic-debugging/SKILL.md: sha256:3b20719eca4f0461cb51a195221320d775dcf03b6859271066a03a5132a6ce7a
    .agents/skills/systematic-debugging/condition-based-waiting-example.ts: sha256:40ae5ebe497fdf310200e43fe986552546d0a22837c0d39e855db1cfd33eb88e
    .agents/skills/systematic-debugging/condition-based-waiting.md: sha256:e89fec8400d6cd50f43407cec9fab50976ba4d55d0ec2eb51c0bd68036b54c26
    .agents/skills/systematic-debugging/defense-in-depth.md: sha256:1e175fb86fc357e58c6aebf5441e481e1b7868b4380c0456b63a17eefbd18ba7
    .agents/skills/systematic-debugging/find-polluter.sh: sha256:6462747eae9b175ac145b78bcfaeab755654a75e32637f08eb633f065a9e1d7c
    .agents/skills/systematic-debugging/root-cause-tracing.md: sha256:6b0622269e098ca1399e123e553fd385f0b6412d88ef0e9c4f5a8ea9cf1cec7b
    .agents/skills/systematic-debugging/test-academic.md: sha256:fe2ba480d78ac0d686dc025f41c2a32a43d642bf533f91b0c6053a04d35d6486
    .agents/skills/systematic-debugging/test-pressure-1.md: sha256:0b6a915db0054577819834c79be9eb614e97bddba10d73768e1fbe91cfed048a
    .agents/skills/systematic-debugging/test-pressure-2.md: sha256:b2030aeffba07050e8ad573ddf87486457c4a016a786bb326235bebd856f2016
    .agents/skills/systematic-debugging/test-pressure-3.md: sha256:96b50a52e2c7989c9cf20fb752c47c1e9a3a70dc362f8f7989f8f5b64dac7708
    .agents/skills/test-driven-development/SKILL.md: sha256:b5b4717b8b761cce15a6cfe9022e33fd959e0894c0c39d72c9cb49c23486c10e
    .agents/skills/test-driven-development/testing-anti-patterns.md: sha256:bde453bc258f06543987477c837939afaa774ea2acbd9f308d702fc452bc4283
    .agents/skills/using-git-worktrees/SKILL.md: sha256:e2c3ec142e52868a51af246c620cd76ab648dcf27d6900d47e6ffd07159a9794
    .agents/skills/using-superpowers/SKILL.md: sha256:55379fe7c1c473a02c61961c822996bff30e1320d6921d9062509bc508482c05
    .agents/skills/using-superpowers/references/antigravity-tools.md: sha256:d0bcfa94dd0fa399fb9606a0f7c9562b43040cad02be167a2b999c3913a1d5e9
    .agents/skills/using-superpowers/references/codex-tools.md: sha256:9310bb2315eed2c1cebea02cd1c9e8fe121cb788fc6b41e8b8f8b5ff46f85f37
    .agents/skills/using-superpowers/references/pi-tools.md: sha256:703dbc83d23ecab9c6f388460c38abc482e9dee2fe6772a8c7a255152ad3a4d5
    .agents/skills/verification-before-completion/SKILL.md: sha256:ea52d15aabaf72bc6b558efe2c126f161b53961090ddcd712000273bfe8c7b6c
    .agents/skills/writing-plans/SKILL.md: sha256:272e1af349f5062c28dc282b3e21b220d58d683a7314a10c455b7432ec91d845
    .agents/skills/writing-plans/plan-document-reviewer-prompt.md: sha256:aa728b96aad603c8be28875a4305637f6c984aa81ffcadcb13e743202fa2a0c7
    .agents/skills/writing-skills/SKILL.md: sha256:6b8d08fe863318be8480ae8428e169640309fa9208df84bb0510012764454146
    .agents/skills/writing-skills/anthropic-best-practices.md: sha256:217629b356c09c9bd11017c9788e8fc654ca1b32c92d4a51cd490e16dd65e59a
    .agents/skills/writing-skills/examples/CLAUDE_MD_TESTING.md: sha256:0b379a3415e185d3c434b3ad283d8aa132f3022c2a4f210f168865b5986bcef0
    .agents/skills/writing-skills/graphviz-conventions.dot: sha256:e2890a593c91370e384b42f2f67b1a6232c9e69dddea7891a0c1c46d7b20b694
    .agents/skills/writing-skills/persuasion-principles.md: sha256:a51bc9bf75189ea73a27b3fb504a2fdfdb966fb1f7f1cdf03203230a216ccc03
    .agents/skills/writing-skills/render-graphs.js: sha256:ccda971a87bb185f8febf81c56b556a20d026fa980c17b35fa3e8824fbb37852
    .agents/skills/writing-skills/testing-skills-with-subagents.md: sha256:c711346852c911b24a84aa161e0cff06a4cd7f4e2fa9e9c0a266cead5afcbade
    .claude/hooks/superpowers/hooks/run-hook.cmd: sha256:d3d9c6199678dab2858e60509dde5e7414f13c2a2b5e48a38b1d368b6e1d6abb
    .claude/skills/brainstorming/SKILL.md: sha256:e14914605f640e0841758e45d0ab2a53243b59b921f929e47921c99668f2e61d
    .claude/skills/brainstorming/scripts/frame-template.html: sha256:6a8a4e58bd6a44b904e2e3c57de774481d909204597e1498de53f1b2fecc4c4e
    .claude/skills/brainstorming/scripts/helper.js: sha256:43c6d69954a46ec34a2a262bcc62a9a7e83e839c739f199cb72646d397c686e3
    .claude/skills/brainstorming/scripts/server.cjs: sha256:2d2961ea8d11f56c5f4c3a1a68d22709efa5d7601a2246d8c880774e7e9e8412
    .claude/skills/brainstorming/scripts/start-server.sh: sha256:a4e5ae84275bcaacd2f84345afeabe59cf7b00ba080e123da7cc1fb226f12847
    .claude/skills/brainstorming/scripts/stop-server.sh: sha256:0b5ccbbd57f62d3ed88993f7940b5ee0e5c0fc9b21c550c623da4f6292e47daf
    .claude/skills/brainstorming/spec-document-reviewer-prompt.md: sha256:95a0a195de9d984be2fffa95bab16fc8c563bc296a9cfc5e9c29cb3ece0d7457
    .claude/skills/brainstorming/visual-companion.md: sha256:3321a044c777d03d7177df41c77bb83155ff2a6d0c16b8a3d752426d29f14ea8
    .claude/skills/dispatching-parallel-agents/SKILL.md: sha256:f0df13f584049059cc5619f90061405b89dcc6e28ab3f2a8517d27d99c7a46a6
    .claude/skills/executing-plans/SKILL.md: sha256:bbd8d28bb655a52817cc129ce49f9e46fa7c6303f72ed5de95bfe914ef8e0ce8
    .claude/skills/finishing-a-development-branch/SKILL.md: sha256:e6d4a812de900d33c6eacfb40747f99427f25c304a7b7099120f9373b115a47f
    .claude/skills/receiving-code-review/SKILL.md: sha256:647036bbdab7bf2317e14e079595e984c9030f64295e2b4c0fb57dbeb48f25dd
    .claude/skills/requesting-code-review/SKILL.md: sha256:1017ccdd5bc61fab67c654cf118cbdb520464b313073a0a6b9a6b9aa647a3ad6
    .claude/skills/requesting-code-review/code-reviewer.md: sha256:b2f2ec7596925fe52dac158fdfbca19b3a7d779d619c481e6706a6c0001662d3
    .claude/skills/subagent-driven-development/SKILL.md: sha256:5e9e846ae67d153ddf7c5f4fd5102af78454c8f3cdaa0720331cec063fc8861a
    .claude/skills/subagent-driven-development/implementer-prompt.md: sha256:49018b28dc11bc9f3d13a28959bb10ae1a96eabc5d8f19f4079d901f9ff2bf64
    .claude/skills/subagent-driven-development/scripts/review-package: sha256:0c0629f6e2c46fc8bf68dcfb8a247ab24eb548b7004fe494035e6fcba9b5cdfb
    .claude/skills/subagent-driven-development/scripts/sdd-workspace: sha256:9430befaff459ed862415b700c1a9efe45fd34838a684802a1d8320de0c3a007
    .claude/skills/subagent-driven-development/scripts/task-brief: sha256:5380283f00bffa99ab82ae78482b7d248abe10655129c72ca7050bdc0b6a85e1
    .claude/skills/subagent-driven-development/task-reviewer-prompt.md: sha256:2eb9d54373420de25bc0bd00635d3a3123a6c0eb30c881168e6f3348e2387331
    .claude/skills/systematic-debugging/CREATION-LOG.md: sha256:c24733a5b1821bd6bed1fc950261f0b9f4e90097e0bbb96459d8179713730789
    .claude/skills/systematic-debugging/SKILL.md: sha256:3b20719eca4f0461cb51a195221320d775dcf03b6859271066a03a5132a6ce7a
    .claude/skills/systematic-debugging/condition-based-waiting-example.ts: sha256:40ae5ebe497fdf310200e43fe986552546d0a22837c0d39e855db1cfd33eb88e
    .claude/skills/systematic-debugging/condition-based-waiting.md: sha256:e89fec8400d6cd50f43407cec9fab50976ba4d55d0ec2eb51c0bd68036b54c26
    .claude/skills/systematic-debugging/defense-in-depth.md: sha256:1e175fb86fc357e58c6aebf5441e481e1b7868b4380c0456b63a17eefbd18ba7
    .claude/skills/systematic-debugging/find-polluter.sh: sha256:6462747eae9b175ac145b78bcfaeab755654a75e32637f08eb633f065a9e1d7c
    .claude/skills/systematic-debugging/root-cause-tracing.md: sha256:6b0622269e098ca1399e123e553fd385f0b6412d88ef0e9c4f5a8ea9cf1cec7b
    .claude/skills/systematic-debugging/test-academic.md: sha256:fe2ba480d78ac0d686dc025f41c2a32a43d642bf533f91b0c6053a04d35d6486
    .claude/skills/systematic-debugging/test-pressure-1.md: sha256:0b6a915db0054577819834c79be9eb614e97bddba10d73768e1fbe91cfed048a
    .claude/skills/systematic-debugging/test-pressure-2.md: sha256:b2030aeffba07050e8ad573ddf87486457c4a016a786bb326235bebd856f2016
    .claude/skills/systematic-debugging/test-pressure-3.md: sha256:96b50a52e2c7989c9cf20fb752c47c1e9a3a70dc362f8f7989f8f5b64dac7708
    .claude/skills/test-driven-development/SKILL.md: sha256:b5b4717b8b761cce15a6cfe9022e33fd959e0894c0c39d72c9cb49c23486c10e
    .claude/skills/test-driven-development/testing-anti-patterns.md: sha256:bde453bc258f06543987477c837939afaa774ea2acbd9f308d702fc452bc4283
    .claude/skills/using-git-worktrees/SKILL.md: sha256:e2c3ec142e52868a51af246c620cd76ab648dcf27d6900d47e6ffd07159a9794
    .claude/skills/using-superpowers/SKILL.md: sha256:55379fe7c1c473a02c61961c822996bff30e1320d6921d9062509bc508482c05
    .claude/skills/using-superpowers/references/antigravity-tools.md: sha256:d0bcfa94dd0fa399fb9606a0f7c9562b43040cad02be167a2b999c3913a1d5e9
    .claude/skills/using-superpowers/references/codex-tools.md: sha256:9310bb2315eed2c1cebea02cd1c9e8fe121cb788fc6b41e8b8f8b5ff46f85f37
    .claude/skills/using-superpowers/references/pi-tools.md: sha256:703dbc83d23ecab9c6f388460c38abc482e9dee2fe6772a8c7a255152ad3a4d5
    .claude/skills/verification-before-completion/SKILL.md: sha256:ea52d15aabaf72bc6b558efe2c126f161b53961090ddcd712000273bfe8c7b6c
    .claude/skills/writing-plans/SKILL.md: sha256:272e1af349f5062c28dc282b3e21b220d58d683a7314a10c455b7432ec91d845
    .claude/skills/writing-plans/plan-document-reviewer-prompt.md: sha256:aa728b96aad603c8be28875a4305637f6c984aa81ffcadcb13e743202fa2a0c7
    .claude/skills/writing-skills/SKILL.md: sha256:6b8d08fe863318be8480ae8428e169640309fa9208df84bb0510012764454146
    .claude/skills/writing-skills/anthropic-best-practices.md: sha256:217629b356c09c9bd11017c9788e8fc654ca1b32c92d4a51cd490e16dd65e59a
    .claude/skills/writing-skills/examples/CLAUDE_MD_TESTING.md: sha256:0b379a3415e185d3c434b3ad283d8aa132f3022c2a4f210f168865b5986bcef0
    .claude/skills/writing-skills/graphviz-conventions.dot: sha256:e2890a593c91370e384b42f2f67b1a6232c9e69dddea7891a0c1c46d7b20b694
    .claude/skills/writing-skills/persuasion-principles.md: sha256:a51bc9bf75189ea73a27b3fb504a2fdfdb966fb1f7f1cdf03203230a216ccc03
    .claude/skills/writing-skills/render-graphs.js: sha256:ccda971a87bb185f8febf81c56b556a20d026fa980c17b35fa3e8824fbb37852
    .claude/skills/writing-skills/testing-skills-with-subagents.md: sha256:c711346852c911b24a84aa161e0cff06a4cd7f4e2fa9e9c0a266cead5afcbade
    .cursor/hooks/superpowers/hooks/run-hook.cmd: sha256:d3d9c6199678dab2858e60509dde5e7414f13c2a2b5e48a38b1d368b6e1d6abb
  content_hash: sha256:fcec2b6832dc4a4ce8fd0b7883fc72531fb402dd76537b62e495ab5c09742cf4
  declared_license: MIT
- repo_url: sorah/config
  name: sorah-guides
  host: github.com
  resolved_commit: da26e516d30336882c6dc898c25ef1a4c588c6d3
  version: 0.6.1
  virtual_path: claude/marketplace/plugins/sorah-guides
  is_virtual: true
  package_type: marketplace_plugin
  deployed_files:
  - .agents/skills/coding
  - .agents/skills/coding/SKILL.md
  - .agents/skills/commit-style
  - .agents/skills/commit-style/SKILL.md
  - .agents/skills/japanese-text
  - .agents/skills/japanese-text/SKILL.md
  - .agents/skills/rails
  - .agents/skills/rails/SKILL.md
  - .agents/skills/ruby
  - .agents/skills/ruby/SKILL.md
  - .agents/skills/rust
  - .agents/skills/rust/SKILL.md
  - .agents/skills/security
  - .agents/skills/security/SKILL.md
  - .agents/skills/terraform
  - .agents/skills/terraform/SKILL.md
  - .agents/skills/typescript
  - .agents/skills/typescript/SKILL.md
  - .claude/agents/security-reviewer.md
  - .claude/commands/commit.md
  - .claude/commands/perform-security-review.md
  - .claude/commands/pull-request.md
  - .claude/skills/coding
  - .claude/skills/coding/SKILL.md
  - .claude/skills/commit-style
  - .claude/skills/commit-style/SKILL.md
  - .claude/skills/japanese-text
  - .claude/skills/japanese-text/SKILL.md
  - .claude/skills/rails
  - .claude/skills/rails/SKILL.md
  - .claude/skills/ruby
  - .claude/skills/ruby/SKILL.md
  - .claude/skills/rust
  - .claude/skills/rust/SKILL.md
  - .claude/skills/security
  - .claude/skills/security/SKILL.md
  - .claude/skills/terraform
  - .claude/skills/terraform/SKILL.md
  - .claude/skills/typescript
  - .claude/skills/typescript/SKILL.md
  - .cursor/agents/security-reviewer.md
  - .cursor/commands/commit.md
  - .cursor/commands/perform-security-review.md
  - .cursor/commands/pull-request.md
  deployed_file_hashes:
    .agents/skills/coding/SKILL.md: sha256:e31944da681867c44a2950c3a31d644208f987bf7546cdc2c2773cebd4ff40d0
    .agents/skills/commit-style/SKILL.md: sha256:92342e28e16f10fb887c6abb5cc9638987b7128168d70cb60157bb6af1ea87db
    .agents/skills/japanese-text/SKILL.md: sha256:ef9501ca84acca4c73478b49d485199a322dac1e7a240a755cd869930180c4eb
    .agents/skills/rails/SKILL.md: sha256:734ade1d0e91aa7e604c87ea6dbe7b065f29403654e77293b5e6821fb3b97cfc
    .agents/skills/ruby/SKILL.md: sha256:d29604966eecaaf8da187150422a2bdda275827fd158b8047dfca6a22ec16f7b
    .agents/skills/rust/SKILL.md: sha256:82b14933b7fe9d0d3677b2f8e267c4507f8923ae936a789d170aa80a61c4bcc4
    .agents/skills/security/SKILL.md: sha256:277054869b5e6bd0f9f21fb7814188f933c1ac3db351182786bee67d3ba38028
    .agents/skills/terraform/SKILL.md: sha256:6524aa2850d311db4f7e8aa099d9bd49bb1ec479e2b0d2bb8e5e53646572e863
    .agents/skills/typescript/SKILL.md: sha256:ec56629c262ca1c5b7371fcdbe6cac98e0741c5b55c87257ffa312a5a037667f
    .claude/agents/security-reviewer.md: sha256:988f570fab14bc91284d52bceb2781fed9f95d2eeb0a9f4f280d6f7eb4be687a
    .claude/commands/commit.md: sha256:c273b93e5c66d9b88fabaaca2eecdd7560043f6fff998c5979139ed6a95b8168
    .claude/commands/perform-security-review.md: sha256:1b2bf504b5a86a94274dcf34c835f60a0d589436de5278cea33af0a92cac5cf9
    .claude/commands/pull-request.md: sha256:0ebd283efbce186e8b370df3a22f73677e4c386abe3b5c993b0017370bc6bc99
    .claude/skills/coding/SKILL.md: sha256:e31944da681867c44a2950c3a31d644208f987bf7546cdc2c2773cebd4ff40d0
    .claude/skills/commit-style/SKILL.md: sha256:92342e28e16f10fb887c6abb5cc9638987b7128168d70cb60157bb6af1ea87db
    .claude/skills/japanese-text/SKILL.md: sha256:ef9501ca84acca4c73478b49d485199a322dac1e7a240a755cd869930180c4eb
    .claude/skills/rails/SKILL.md: sha256:734ade1d0e91aa7e604c87ea6dbe7b065f29403654e77293b5e6821fb3b97cfc
    .claude/skills/ruby/SKILL.md: sha256:d29604966eecaaf8da187150422a2bdda275827fd158b8047dfca6a22ec16f7b
    .claude/skills/rust/SKILL.md: sha256:82b14933b7fe9d0d3677b2f8e267c4507f8923ae936a789d170aa80a61c4bcc4
    .claude/skills/security/SKILL.md: sha256:277054869b5e6bd0f9f21fb7814188f933c1ac3db351182786bee67d3ba38028
    .claude/skills/terraform/SKILL.md: sha256:6524aa2850d311db4f7e8aa099d9bd49bb1ec479e2b0d2bb8e5e53646572e863
    .claude/skills/typescript/SKILL.md: sha256:ec56629c262ca1c5b7371fcdbe6cac98e0741c5b55c87257ffa312a5a037667f
    .cursor/agents/security-reviewer.md: sha256:988f570fab14bc91284d52bceb2781fed9f95d2eeb0a9f4f280d6f7eb4be687a
    .cursor/commands/commit.md: sha256:c273b93e5c66d9b88fabaaca2eecdd7560043f6fff998c5979139ed6a95b8168
    .cursor/commands/perform-security-review.md: sha256:1b2bf504b5a86a94274dcf34c835f60a0d589436de5278cea33af0a92cac5cf9
    .cursor/commands/pull-request.md: sha256:0ebd283efbce186e8b370df3a22f73677e4c386abe3b5c993b0017370bc6bc99
  content_hash: sha256:cb3c54dea86c80a00f3f4647718af562d75593ae24f723709cae615055360ea6
  declared_license: CC0-1.0
- repo_url: sorah/config
  name: sorah-spec
  host: github.com
  resolved_commit: da26e516d30336882c6dc898c25ef1a4c588c6d3
  version: 0.1.3
  virtual_path: claude/marketplace/plugins/sorah-spec
  is_virtual: true
  package_type: marketplace_plugin
  deployed_files:
  - .agents/skills/rails
  - .agents/skills/rails/SKILL.md
  - .agents/skills/ruby
  - .agents/skills/ruby/SKILL.md
  - .agents/skills/spec-conventions
  - .agents/skills/spec-conventions/SKILL.md
  - .agents/skills/spec-conventions/references/current-status-format.md
  - .claude/commands/implement.md
  - .claude/commands/review.md
  - .claude/commands/validate.md
  - .claude/skills/rails
  - .claude/skills/rails/SKILL.md
  - .claude/skills/ruby
  - .claude/skills/ruby/SKILL.md
  - .claude/skills/spec-conventions
  - .claude/skills/spec-conventions/SKILL.md
  - .claude/skills/spec-conventions/references/current-status-format.md
  - .cursor/commands/implement.md
  - .cursor/commands/review.md
  - .cursor/commands/validate.md
  deployed_file_hashes:
    .agents/skills/rails/SKILL.md: sha256:734ade1d0e91aa7e604c87ea6dbe7b065f29403654e77293b5e6821fb3b97cfc
    .agents/skills/ruby/SKILL.md: sha256:d29604966eecaaf8da187150422a2bdda275827fd158b8047dfca6a22ec16f7b
    .agents/skills/spec-conventions/SKILL.md: sha256:d8421e63f8db1b2158778e717c7afaab754b13998722141131132e28da6dfe90
    .agents/skills/spec-conventions/references/current-status-format.md: sha256:47ed9935527c757fd90eb7128f2553ddbd1be9592618f5b2c299b56f40596dfa
    .claude/commands/implement.md: sha256:4c9c1cd90ccc878500222bea7167dadb303bd89a96c0a3ad6abcb3206f9471aa
    .claude/commands/review.md: sha256:d730ef250988082fbea3001f176e849666586135b626d40e598a05aecc5ca999
    .claude/commands/validate.md: sha256:6cb5d533d94bd6f7303431a66fc6231694cf719b5b683753fcdfda3c3c688a93
    .claude/skills/rails/SKILL.md: sha256:734ade1d0e91aa7e604c87ea6dbe7b065f29403654e77293b5e6821fb3b97cfc
    .claude/skills/ruby/SKILL.md: sha256:d29604966eecaaf8da187150422a2bdda275827fd158b8047dfca6a22ec16f7b
    .claude/skills/spec-conventions/SKILL.md: sha256:d8421e63f8db1b2158778e717c7afaab754b13998722141131132e28da6dfe90
    .claude/skills/spec-conventions/references/current-status-format.md: sha256:47ed9935527c757fd90eb7128f2553ddbd1be9592618f5b2c299b56f40596dfa
    .cursor/commands/implement.md: sha256:4c9c1cd90ccc878500222bea7167dadb303bd89a96c0a3ad6abcb3206f9471aa
    .cursor/commands/review.md: sha256:d730ef250988082fbea3001f176e849666586135b626d40e598a05aecc5ca999
    .cursor/commands/validate.md: sha256:6cb5d533d94bd6f7303431a66fc6231694cf719b5b683753fcdfda3c3c688a93
  content_hash: sha256:1b99b33451d6612c094fe5142412d1b4cbcae2003ff171e09578c968c163753f
  declared_license: CC0-1.0
- repo_url: st0012/cctop
  name: cctop
  host: github.com
  resolved_commit: 244630917bcab00e6482a69241144e8fd862c38e
  version: '2446309'
  package_type: marketplace_plugin
  content_hash: sha256:90ddc6c42d94447c26bfbd907bef3c2fb543a083973c965a26958876208077a6
local_deployed_files:
- .claude/rules/base.md
- .claude/rules/debugging.md
- .claude/rules/git-workflow.md
- .claude/rules/github-cli.md
- .claude/rules/mairu.md
- .claude/rules/markdown-preview.md
- .claude/rules/obsidian-vault.md
- .claude/rules/obsidian.md
- .claude/rules/pull-requests.md
- .claude/rules/shell.md
- .claude/rules/tdd.md
- .cursor/rules/base.mdc
- .cursor/rules/debugging.mdc
- .cursor/rules/git-workflow.mdc
- .cursor/rules/github-cli.mdc
- .cursor/rules/mairu.mdc
- .cursor/rules/markdown-preview.mdc
- .cursor/rules/obsidian-vault.mdc
- .cursor/rules/obsidian.mdc
- .cursor/rules/pull-requests.mdc
- .cursor/rules/shell.mdc
- .cursor/rules/tdd.mdc
local_deployed_file_hashes:
  .claude/rules/base.md: sha256:3e2408137cf91d5b46660cc2611c8d9e785a6506ddcbc55e0d21f1976fe24f5b
  .claude/rules/debugging.md: sha256:da71b0c7f3cbfac1a27fc76fcac579d0ed2012149847d7074191d3402086f4a8
  .claude/rules/git-workflow.md: sha256:a599ffb36f37746b5bcf38e3b2433a076e25cf03f7237936e8929190a68f1be0
  .claude/rules/github-cli.md: sha256:59c3e334372eaded96c4bf71eff38d87a5cee47fc94a83fcb828833fd225b8e2
  .claude/rules/mairu.md: sha256:94b9bfbd70e7f4e5fcaf2d4d4a6449cebaa4da916df6e5d7d6be15a5b31e93a1
  .claude/rules/markdown-preview.md: sha256:d7e4bcf6a7ee0b70afc2604455d6b133cbb35100ab6d473f8beaeebf423606b6
  .claude/rules/obsidian-vault.md: sha256:19186b1aef632364804dab573965c48575b5c53eb526d62eebc39028ef8e1935
  .claude/rules/obsidian.md: sha256:3aef307b33f8eafee864635d261a0d15e36c77608e5d6494fd9542c27270d228
  .claude/rules/pull-requests.md: sha256:4449fe8bdff0dbaa11820f5bc6cbb664455b6c422219e10a692cce62af392bb9
  .claude/rules/shell.md: sha256:5e302397bbedd461a20ab9a1386b27e9d074a06e6f9ad0121ee3f753c03b3050
  .claude/rules/tdd.md: sha256:66e939c07e871606a4466d96ecbcb80228e6599cf322298a7cad93c8e5f792cc
  .cursor/rules/base.mdc: sha256:f72cbedc7dbf77d64f6676371326f9025d4cecd04ded07df7148bdb6087af3f9
  .cursor/rules/debugging.mdc: sha256:7484cd87650b52a6272c4db555fdff50b4585f4d6ba21be575d116c1a2c958c8
  .cursor/rules/git-workflow.mdc: sha256:5df76d088ca616852fe02e6c501e35e71fb9bf260e06799b5a2847a1eba8d025
  .cursor/rules/github-cli.mdc: sha256:211d47da68da778549c0e7f39699fbb4305b363944da74f1e0104c5b114790c1
  .cursor/rules/mairu.mdc: sha256:98875553a9f784bea93dac603d25b25f06574941d15d5af0baf5570dd87e6251
  .cursor/rules/markdown-preview.mdc: sha256:9a3efb820dd70ad64e3cee2cf81e2b50d0c19e365c8b8cd57cba1f4eb53fcb69
  .cursor/rules/obsidian-vault.mdc: sha256:b82eb7644494ade40ad2288b2b19528e11b0efe3b8caa41ede9917548529b7c3
  .cursor/rules/obsidian.mdc: sha256:54ac00fb6ab1289d5ba589eaf1d02f5996fb8ec6ba3a4be0d7c0839c14c6ea5f
  .cursor/rules/pull-requests.mdc: sha256:99a242408d2aee991fa61a67d55bed801834d4f21bc75799ca25bef9f221d4bf
  .cursor/rules/shell.mdc: sha256:b77ca0df031902c907a4b4c2fa3401beac9343a2227e32cf40ae9a989679466d
  .cursor/rules/tdd.mdc: sha256:a31cb5584e9efa248017cdb3cfec53d51c2aa00734b36e5661782d925aa8797e
